
Microsoft Visual Studio Solution File, Format Version 12.00
# Visual Studio Version 17
VisualStudioVersion = 17.2.32616.157
MinimumVisualStudioVersion = 10.0.40219.1
Project("{FAE04EC0-301F-11D3-BF4B-00C04F79EFBC}") = "hava durumu apisi", "hava durumu apisi\hava durumu apisi.csproj", "{B2FC492A-233D-4C33-BC58-A4C7AF794EEB}"
EndProject
Global
	GlobalSection(SolutionConfigurationPlatforms) = preSolution
		Debug|Any CPU = Debug|Any CPU
		Release|Any CPU = Release|Any CPU
	EndGlobalSection
	GlobalSection(ProjectConfigurationPlatforms) = postSolution
		{B2FC492A-233D-4C33-BC58-A4C7AF794EEB}.Debug|Any CPU.ActiveCfg = Debug|Any CPU
		{B2FC492A-233D-4C33-BC58-A4C7AF794EEB}.Debug|Any CPU.Build.0 = Debug|Any CPU
		{B2FC492A-233D-4C33-BC58-A4C7AF794EEB}.Release|Any CPU.ActiveCfg = Release|Any CPU
		{B2FC492A-233D-4C33-BC58-A4C7AF794EEB}.Release|Any CPU.Build.0 = Release|Any CPU
	EndGlobalSection
	GlobalSection(SolutionProperties) = preSolution
		HideSolutionNode = FALSE
	EndGlobalSection
	GlobalSection(ExtensibilityGlobals) = postSolution
		SolutionGuid = {42C1AE84-D09D-4954-87D9-72F73ED89FCA}
	EndGlobalSection
EndGlobal
